
Microsoft Visual Studio Solution File, Format Version 12.00
# Visual Studio Version 17
VisualStudioVersion = 17.14.36915.13 d17.14
MinimumVisualStudioVersion = 10.0.40219.1
Project("{FAE04EC0-301F-11D3-BF4B-00C04F79EFBC}") = "IPMA_Api", "IPMA_Api\IPMA_Api.csproj", "{B3350AFC-9857-44FD-8F0F-16815D6E4A38}"
EndProject
Global
	GlobalSection(SolutionConfigurationPlatforms) = preSolution
		Debug|Any CPU = Debug|Any CPU
		Release|Any CPU = Release|Any CPU
	EndGlobalSection
	GlobalSection(ProjectConfigurationPlatforms) = postSolution
		{B3350AFC-9857-44FD-8F0F-16815D6E4A38}.Debug|Any CPU.ActiveCfg = Debug|Any CPU
		{B3350AFC-9857-44FD-8F0F-16815D6E4A38}.Debug|Any CPU.Build.0 = Debug|Any CPU
		{B3350AFC-9857-44FD-8F0F-16815D6E4A38}.Release|Any CPU.ActiveCfg = Release|Any CPU
		{B3350AFC-9857-44FD-8F0F-16815D6E4A38}.Release|Any CPU.Build.0 = Release|Any CPU
	EndGlobalSection
	GlobalSection(SolutionProperties) = preSolution
		HideSolutionNode = FALSE
	EndGlobalSection
	GlobalSection(ExtensibilityGlobals) = postSolution
		SolutionGuid = {98E4CB39-FA62-4B99-91A0-D3EA6E3361AF}
	EndGlobalSection
EndGlobal
